{
  "plugin_type": "extractors",
  "name": "tap-github",
  "namespace": "tap_github",
  "variant": "singer-io",
  "label": "GitHub",
  "docs": "https://hub.meltano.com/extractors/tap-github",
  "repo": "https://github.com/singer-io/tap-github",
  "pip_url": "tap-github",
  "capabilities": [
    "properties",
    "discover",
    "state"
  ],
  "settings_group_validation": [
    [
      "access_token",
      "repository",
      "start_date"
    ]
  ],
  "settings": [
    {
      "name": "access_token",
      "kind": "password",
      "label": "Personal Access Tokens",
      "documentation": "https://github.com/settings/tokens",
      "description": "Personal access token used to authenticate with GitHub. The token can be generated by going to the [Personal Access Token settings page](https://github.com/settings/tokens)."
    },
    {
      "name": "repository",
      "label": "Repositories",
      "description": "Space-separated list of repositories. Each repository must be prefaced by the user/organization name, e.g. `\"meltano/meltano meltano/sdk meltano/hub\"`",
      "placeholder": "Ex. \"meltano/meltano meltano/sdk meltano/hub\""
    },
    {
      "name": "start_date",
      "kind": "date_iso8601",
      "label": "Start Date",
      "description": "Defines how far into the past to pull data for the provided repositories."
    }
  ]
}